{"1.2.0",
[{<<"diffy">>,{pkg,<<"diffy">>,<<"1.1.2">>},0},
 {<<"erlfmt">>,{pkg,<<"erlfmt">>,<<"1.5.0">>},0},
 {<<"proper">>,{pkg,<<"proper">>,<<"1.2.0">>},1},
 {<<"zotonic_stdlib">>,{pkg,<<"zotonic_stdlib">>,<<"1.2.3">>},1}]}.
[
{pkg_hash,[
 {<<"diffy">>, <<"7060E34FD512F210056B7E66E8D315CB90D06B97A6656D92FC299EB91692E36E">>},
 {<<"erlfmt">>, <<"5DDECA120A6E8E0A0FAB7D0BB9C2339D841B1C9E51DD135EE583256DEF20DE25">>},
 {<<"proper">>, <<"1466492385959412A02871505434E72E92765958C60DBA144B43863554B505A4">>},
 {<<"zotonic_stdlib">>, <<"4A33B60C82379169C9934CCD1FC9E512CA16B922E131AD6B6D26E562F66DF9CC">>}]},
{pkg_hash_ext,[
 {<<"diffy">>, <<"9A59BBDCAFB6B115B5099711F7F114EDB00BE11658CEF08EF26E04F8040C7149">>},
 {<<"erlfmt">>, <<"3933A40CFBE790AD94E5B650B36881DE70456319263C1479B556E9AFDBD80C75">>},
 {<<"proper">>, <<"CBC3766C08337806741343D330BF4BCB826155D2141BE8514C4B02858AA19FD3">>},
 {<<"zotonic_stdlib">>, <<"4712DD7A0C0C600AFEDAFDA738D40FEBF10CFC2485E62D109361FCC190F7381A">>}]}
].
